
Microsoft Visual Studio Solution File, Format Version 12.00
# Visual Studio 15
VisualStudioVersion = 15.0.28307.779
MinimumVisualStudioVersion = 10.0.40219.1
Project("{FAE04EC0-301F-11D3-BF4B-00C04F79EFBC}") = "DoAnCauTrucDuLieuAndGiaiThuat", "DoAnCauTrucDuLieuAndGiaiThuat\DoAnCauTrucDuLieuAndGiaiThuat.csproj", "{DA8864F3-19B4-4CCA-94BE-64420E641258}"
EndProject
Global
	GlobalSection(SolutionConfigurationPlatforms) = preSolution
		Debug|Any CPU = Debug|Any CPU
		Release|Any CPU = Release|Any CPU
	EndGlobalSection
	GlobalSection(ProjectConfigurationPlatforms) = postSolution
		{DA8864F3-19B4-4CCA-94BE-64420E641258}.Debug|Any CPU.ActiveCfg = Debug|Any CPU
		{DA8864F3-19B4-4CCA-94BE-64420E641258}.Debug|Any CPU.Build.0 = Debug|Any CPU
		{DA8864F3-19B4-4CCA-94BE-64420E641258}.Release|Any CPU.ActiveCfg = Release|Any CPU
		{DA8864F3-19B4-4CCA-94BE-64420E641258}.Release|Any CPU.Build.0 = Release|Any CPU
	EndGlobalSection
	GlobalSection(SolutionProperties) = preSolution
		HideSolutionNode = FALSE
	EndGlobalSection
	GlobalSection(ExtensibilityGlobals) = postSolution
		SolutionGuid = {46FE6A88-B37C-409F-A52A-45AF443EAC7D}
	EndGlobalSection
EndGlobal
